{
  "version": 4,
  "terraform_version": "0.14.6",
  "serial": 71,
  "lineage": "d080062b-a6b6-6080-0d98-ba3609b40725",
  "outputs": {
    "alb_dns_name": {
      "value": "example-lb-353547955.us-east-1.elb.amazonaws.com",
      "type": "string"
    }
  },
  "resources": [
    {
      "mode": "data",
      "type": "aws_db_snapshot",
      "name": "example",
      "provider": "provider[\"registry.terraform.io/hashicorp/aws\"]",
      "instances": [
        {
          "schema_version": 0,
          "attributes": {
            "allocated_storage": 20,
            "availability_zone": "us-east-1c",
            "db_instance_identifier": "skillsapp-db",
            "db_snapshot_arn": "arn:aws:rds:us-east-1:156463586173:snapshot:skillsdb-snapshot",
            "db_snapshot_identifier": "skillsdb-snapshot",
            "encrypted": false,
            "engine": "mysql",
            "engine_version": "8.0.32",
            "id": "skillsdb-snapshot",
            "include_public": false,
            "include_shared": false,
            "iops": 0,
            "kms_key_id": "",
            "license_model": "general-public-license",
            "most_recent": false,
            "option_group_name": "default:mysql-8-0",
            "port": 3306,
            "snapshot_create_time": "2023-04-01T23:18:43Z",
            "snapshot_type": "manual",
            "source_db_snapshot_identifier": "",
            "source_region": "",
            "status": "available",
            "storage_type": "gp2",
            "vpc_id": "vpc-01bf09c59003a851b"
          },
          "sensitive_attributes": []
        }
      ]
    },
    {
      "mode": "data",
      "type": "aws_ssm_parameter",
      "name": "db_name",
      "provider": "provider[\"registry.terraform.io/hashicorp/aws\"]",
      "instances": [
        {
          "schema_version": 0,
          "attributes": {
            "arn": "arn:aws:ssm:us-east-1:156463586173:parameter/database",
            "id": "database",
            "name": "database",
            "type": "String",
            "value": "skillsontario",
            "version": 1,
            "with_decryption": true
          },
          "sensitive_attributes": []
        }
      ]
    },
    {
      "mode": "data",
      "type": "aws_ssm_parameter",
      "name": "db_password",
      "provider": "provider[\"registry.terraform.io/hashicorp/aws\"]",
      "instances": [
        {
          "schema_version": 0,
          "attributes": {
            "arn": "arn:aws:ssm:us-east-1:156463586173:parameter/password",
            "id": "password",
            "name": "password",
            "type": "String",
            "value": "user1234",
            "version": 1,
            "with_decryption": true
          },
          "sensitive_attributes": []
        }
      ]
    },
    {
      "mode": "data",
      "type": "aws_ssm_parameter",
      "name": "db_username",
      "provider": "provider[\"registry.terraform.io/hashicorp/aws\"]",
      "instances": [
        {
          "schema_version": 0,
          "attributes": {
            "arn": "arn:aws:ssm:us-east-1:156463586173:parameter/username",
            "id": "username",
            "name": "username",
            "type": "String",
            "value": "user",
            "version": 1,
            "with_decryption": true
          },
          "sensitive_attributes": []
        }
      ]
    },
    {
      "mode": "managed",
      "type": "aws_autoscaling_group",
      "name": "example_asg",
      "provider": "provider[\"registry.terraform.io/hashicorp/aws\"]",
      "instances": [
        {
          "schema_version": 0,
          "attributes": {
            "arn": "arn:aws:autoscaling:us-east-1:156463586173:autoScalingGroup:84bf012a-fd9a-4472-be89-e8ed52ed991f:autoScalingGroupName/example-asg-20230403044315244600000007",
            "availability_zones": [
              "us-east-1b",
              "us-east-1e"
            ],
            "capacity_rebalance": false,
            "context": "",
            "default_cooldown": 300,
            "default_instance_warmup": 0,
            "desired_capacity": 2,
            "desired_capacity_type": "",
            "enabled_metrics": [],
            "force_delete": false,
            "force_delete_warm_pool": false,
            "health_check_grace_period": 300,
            "health_check_type": "EC2",
            "id": "example-asg-20230403044315244600000007",
            "initial_lifecycle_hook": [],
            "instance_refresh": [],
            "launch_configuration": "",
            "launch_template": [
              {
                "id": "lt-0fd635c39b0277d98",
                "name": "example-lt-20230403043039005600000005",
                "version": "$Latest"
              }
            ],
            "load_balancers": [],
            "max_instance_lifetime": 0,
            "max_size": 2,
            "metrics_granularity": "1Minute",
            "min_elb_capacity": null,
            "min_size": 2,
            "mixed_instances_policy": [],
            "name": "example-asg-20230403044315244600000007",
            "name_prefix": "example-asg-",
            "placement_group": "",
            "protect_from_scale_in": false,
            "service_linked_role_arn": "arn:aws:iam::156463586173:role/aws-service-role/autoscaling.amazonaws.com/AWSServiceRoleForAutoScaling",
            "suspended_processes": [],
            "tag": [],
            "tags": null,
            "target_group_arns": [
              "arn:aws:elasticloadbalancing:us-east-1:156463586173:targetgroup/tg-20230403043035936500000002/f899927ab3f8b2f7"
            ],
            "termination_policies": [],
            "timeouts": null,
            "vpc_zone_identifier": [
              "subnet-05336f2e8848b41b9",
              "subnet-0a80b8eedf06913b5"
            ],
            "wait_for_capacity_timeout": "10m",
            "wait_for_elb_capacity": null,
            "warm_pool": []
          },
          "sensitive_attributes": [],
          "private": "eyJlMmJmYjczMC1lY2FhLTExZTYtOGY4OC0zNDM2M2JjN2M0YzAiOnsiZGVsZXRlIjo2MDAwMDAwMDAwMDAsInVwZGF0ZSI6NjAwMDAwMDAwMDAwfX0=",
          "dependencies": [
            "aws_db_instance.example",
            "aws_db_subnet_group.example",
            "aws_iam_instance_profile.example",
            "aws_iam_role.example",
            "aws_key_pair.key_pair",
            "aws_launch_template.example_lt",
            "aws_lb_target_group.example_tg",
            "aws_security_group.db_sg",
            "aws_security_group.ec2_sg",
            "aws_ssm_parameter.db_endpoint",
            "data.aws_db_snapshot.example",
            "data.aws_ssm_parameter.db_name",
            "data.aws_ssm_parameter.db_password",
            "data.aws_ssm_parameter.db_username",
            "tls_private_key.key_pair"
          ]
        }
      ]
    },
    {
      "mode": "managed",
      "type": "aws_db_instance",
      "name": "example",
      "provider": "provider[\"registry.terraform.io/hashicorp/aws\"]",
      "instances": [
        {
          "schema_version": 1,
          "attributes": {
            "address": "example-db-instance.ctkwskblqywy.us-east-1.rds.amazonaws.com",
            "allocated_storage": 20,
            "allow_major_version_upgrade": null,
            "apply_immediately": false,
            "arn": "arn:aws:rds:us-east-1:156463586173:db:example-db-instance",
            "auto_minor_version_upgrade": true,
            "availability_zone": "us-east-1b",
            "backup_retention_period": 7,
            "backup_window": "10:06-10:36",
            "blue_green_update": [],
            "ca_cert_identifier": "rds-ca-2019",
            "character_set_name": "",
            "copy_tags_to_snapshot": false,
            "custom_iam_instance_profile": "",
            "customer_owned_ip_enabled": false,
            "db_name": "skillsontario",
            "db_subnet_group_name": "example-subnet-group",
            "delete_automated_backups": true,
            "deletion_protection": false,
            "domain": "",
            "domain_iam_role_name": "",
            "enabled_cloudwatch_logs_exports": [],
            "endpoint": "example-db-instance.ctkwskblqywy.us-east-1.rds.amazonaws.com:3306",
            "engine": "mysql",
            "engine_version": "8.0.32",
            "engine_version_actual": "8.0.32",
            "final_snapshot_identifier": null,
            "hosted_zone_id": "Z2R2ITUGPM61AM",
            "iam_database_authentication_enabled": false,
            "id": "example-db-instance",
            "identifier": "example-db-instance",
            "identifier_prefix": "",
            "instance_class": "db.t3.small",
            "iops": 0,
            "kms_key_id": "",
            "latest_restorable_time": "2023-04-03T04:55:00Z",
            "license_model": "general-public-license",
            "listener_endpoint": [],
            "maintenance_window": "thu:06:42-thu:07:12",
            "manage_master_user_password": null,
            "master_user_secret": [],
            "master_user_secret_kms_key_id": null,
            "max_allocated_storage": 0,
            "monitoring_interval": 0,
            "monitoring_role_arn": "",
            "multi_az": false,
            "name": "skillsontario",
            "nchar_character_set_name": "",
            "network_type": "IPV4",
            "option_group_name": "default:mysql-8-0",
            "parameter_group_name": "default.mysql8.0",
            "password": "user1234",
            "performance_insights_enabled": false,
            "performance_insights_kms_key_id": "",
            "performance_insights_retention_period": 0,
            "port": 3306,
            "publicly_accessible": false,
            "replica_mode": "",
            "replicas": [],
            "replicate_source_db": "",
            "resource_id": "db-4VK3YCK3NWULRHXHIPBFARIG3Q",
            "restore_to_point_in_time": [],
            "s3_import": [],
            "security_group_names": [],
            "skip_final_snapshot": true,
            "snapshot_identifier": "skillsdb-snapshot",
            "status": "available",
            "storage_encrypted": false,
            "storage_throughput": 0,
            "storage_type": "gp2",
            "tags": {
              "Name": "example-db-instance"
            },
            "tags_all": {
              "Name": "example-db-instance"
            },
            "timeouts": null,
            "timezone": "",
            "username": "user",
            "vpc_security_group_ids": [
              "sg-0b5bb500e7d1779c4"
            ]
          },
          "sensitive_attributes": [],
          "private": "eyJlMmJmYjczMC1lY2FhLTExZTYtOGY4OC0zNDM2M2JjN2M0YzAiOnsiY3JlYXRlIjoyNDAwMDAwMDAwMDAwLCJkZWxldGUiOjM2MDAwMDAwMDAwMDAsInVwZGF0ZSI6NDgwMDAwMDAwMDAwMH0sInNjaGVtYV92ZXJzaW9uIjoiMSJ9",
          "dependencies": [
            "aws_db_subnet_group.example",
            "aws_security_group.db_sg",
            "data.aws_db_snapshot.example",
            "data.aws_ssm_parameter.db_name",
            "data.aws_ssm_parameter.db_password",
            "data.aws_ssm_parameter.db_username"
          ]
        }
      ]
    },
    {
      "mode": "managed",
      "type": "aws_db_parameter_group",
      "name": "example",
      "provider": "provider[\"registry.terraform.io/hashicorp/aws\"]",
      "instances": [
        {
          "schema_version": 0,
          "attributes": {
            "arn": "arn:aws:rds:us-east-1:156463586173:pg:example-db-param-group",
            "description": "Managed by Terraform",
            "family": "mysql8.0",
            "id": "example-db-param-group",
            "name": "example-db-param-group",
            "name_prefix": null,
            "parameter": [],
            "tags": {},
            "tags_all": {}
          },
          "sensitive_attributes": [],
          "private": "bnVsbA=="
        }
      ]
    },
    {
      "mode": "managed",
      "type": "aws_db_subnet_group",
      "name": "example",
      "provider": "provider[\"registry.terraform.io/hashicorp/aws\"]",
      "instances": [
        {
          "schema_version": 0,
          "attributes": {
            "arn": "arn:aws:rds:us-east-1:156463586173:subgrp:example-subnet-group",
            "description": "Managed by Terraform",
            "id": "example-subnet-group",
            "name": "example-subnet-group",
            "name_prefix": "",
            "subnet_ids": [
              "subnet-05336f2e8848b41b9",
              "subnet-0a80b8eedf06913b5"
            ],
            "supported_network_types": [
              "IPV4"
            ],
            "tags": {},
            "tags_all": {}
          },
          "sensitive_attributes": [],
          "private": "bnVsbA=="
        }
      ]
    },
    {
      "mode": "managed",
      "type": "aws_iam_instance_profile",
      "name": "example",
      "provider": "provider[\"registry.terraform.io/hashicorp/aws\"]",
      "instances": [
        {
          "schema_version": 0,
          "attributes": {
            "arn": "arn:aws:iam::156463586173:instance-profile/example-instance-profile",
            "create_date": "2023-04-03T04:30:36Z",
            "id": "example-instance-profile",
            "name": "example-instance-profile",
            "name_prefix": "",
            "path": "/",
            "role": "example-role",
            "tags": {},
            "tags_all": {},
            "unique_id": "AIPASI3PU3N6X75SH5BUQ"
          },
          "sensitive_attributes": [],
          "private": "bnVsbA==",
          "dependencies": [
            "aws_iam_role.example"
          ],
          "create_before_destroy": true
        }
      ]
    },
    {
      "mode": "managed",
      "type": "aws_iam_role",
      "name": "example",
      "provider": "provider[\"registry.terraform.io/hashicorp/aws\"]",
      "instances": [
        {
          "schema_version": 0,
          "attributes": {
            "arn": "arn:aws:iam::156463586173:role/example-role",
            "assume_role_policy": "{\"Statement\":[{\"Action\":\"sts:AssumeRole\",\"Effect\":\"Allow\",\"Principal\":{\"Service\":\"ec2.amazonaws.com\"}}],\"Version\":\"2012-10-17\"}",
            "create_date": "2023-04-03T04:30:35Z",
            "description": "",
            "force_detach_policies": false,
            "id": "example-role",
            "inline_policy": [],
            "managed_policy_arns": [
              "arn:aws:iam::aws:policy/AdministratorAccess"
            ],
            "max_session_duration": 3600,
            "name": "example-role",
            "name_prefix": "",
            "path": "/",
            "permissions_boundary": null,
            "tags": {},
            "tags_all": {},
            "unique_id": "AROASI3PU3N6TT3ZLY3Q6"
          },
          "sensitive_attributes": [],
          "private": "bnVsbA==",
          "create_before_destroy": true
        }
      ]
    },
    {
      "mode": "managed",
      "type": "aws_key_pair",
      "name": "key_pair",
      "provider": "provider[\"registry.terraform.io/hashicorp/aws\"]",
      "instances": [
        {
          "schema_version": 1,
          "attributes": {
            "arn": "arn:aws:ec2:us-east-1:156463586173:key-pair/ontario-key-pair",
            "fingerprint": "50:86:99:c3:de:91:73:5a:f3:b6:80:fd:bb:a7:30:aa",
            "id": "ontario-key-pair",
            "key_name": "ontario-key-pair",
            "key_name_prefix": "",
            "key_pair_id": "key-00574b12bd464b54a",
            "key_type": "rsa",
            "public_key": "ssh-rsa AAAAB3NzaC1yc2EAAAADAQABAAACAQDUSnHF92+AJFxQz/81xshBVFjyOLtuaZhlzr1uMKPXq992p7Xp2Y3jGINVmp/ItOkvOI1uJSidLZJWEMR+rrR/vSK+gJSJvPyeLw95z47u03vK4eLLDZrqJRz1XFoOWxFOvz3nnoGmw9DyAY7cqOV+Yr8YtQZLEUKdwe8ZJE/Ri5UmEaT12DYq/ZLkxG5BSUg1zcc5kR+Nw5KcE0h4vROQQBHbyXJcfl1XxeCdxVKM+4GKx85F82liSiD8eFatibMKuA8gu8ye3h/4usaWmkqPvUPCKuoHhbK/Xp+UJjYXy4SHCkpYb5CsMfHF1zID0CG8eWkP6x7e3Kf5/bkz8enxh9QCshk2WRsM2aZFTkEflqkVNuey9T7J7iJxAnxKRQ2xbD1YRLjADyatcUi/NmN14T7wZFGfo9y0GnFl3xqpgtprnNA+OstsOrz2aDPbagtwVX9/Mt5zsJjCCZUDSrOrTx6BEF7YdgsNuoBHZ19uMZLSLC5MZ8Jdey8klabhvN2TZIxMhS0B18Bh0nmwjxdshyHGRc01p9QjSP0jKxj5U41HhxVaq25sJuKfNyDVZcrH1hbsbbF+9V36j1/Rjb65aPLlFdRrHxenGDW0gG/TAhYbi9oAPvBOl0zncGywrmDp4cMxpPgCBCXd9JDp6NyTelRjB+02ZHfSVGhSAj8ioQ==",
            "tags": {},
            "tags_all": {}
          },
          "sensitive_attributes": [],
          "private": "eyJzY2hlbWFfdmVyc2lvbiI6IjEifQ==",
          "dependencies": [
            "tls_private_key.key_pair"
          ],
          "create_before_destroy": true
        }
      ]
    },
    {
      "mode": "managed",
      "type": "aws_launch_template",
      "name": "example_lt",
      "provider": "provider[\"registry.terraform.io/hashicorp/aws\"]",
      "instances": [
        {
          "schema_version": 0,
          "attributes": {
            "arn": "arn:aws:ec2:us-east-1:156463586173:launch-template/lt-0fd635c39b0277d98",
            "block_device_mappings": [],
            "capacity_reservation_specification": [],
            "cpu_options": [],
            "credit_specification": [],
            "default_version": 1,
            "description": "",
            "disable_api_stop": false,
            "disable_api_termination": false,
            "ebs_optimized": "",
            "elastic_gpu_specifications": [],
            "elastic_inference_accelerator": [],
            "enclave_options": [],
            "hibernation_options": [],
            "iam_instance_profile": [
              {
                "arn": "arn:aws:iam::156463586173:instance-profile/example-instance-profile",
                "name": ""
              }
            ],
            "id": "lt-0fd635c39b0277d98",
            "image_id": "ami-0e8a20c6da2c1ffbe",
            "instance_initiated_shutdown_behavior": "",
            "instance_market_options": [],
            "instance_requirements": [],
            "instance_type": "t2.micro",
            "kernel_id": "",
            "key_name": "ontario-key-pair",
            "latest_version": 2,
            "license_specification": [],
            "maintenance_options": [],
            "metadata_options": [],
            "monitoring": [],
            "name": "example-lt-20230403043039005600000005",
            "name_prefix": "example-lt-",
            "network_interfaces": [],
            "placement": [],
            "private_dns_name_options": [],
            "ram_disk_id": "",
            "security_group_names": [],
            "tag_specifications": [],
            "tags": {},
            "tags_all": {},
            "update_default_version": null,
            "user_data": "IyEvYmluL2Jhc2gKcHl0aG9uMyAvaG9tZS9lYzItdXNlci9hcHAucHk=",
            "vpc_security_group_ids": [
              "sg-0f4027b2331bd5c64"
            ]
          },
          "sensitive_attributes": [],
          "private": "bnVsbA==",
          "dependencies": [
            "aws_iam_instance_profile.example",
            "aws_key_pair.key_pair",
            "aws_security_group.ec2_sg"
          ],
          "create_before_destroy": true
        }
      ]
    },
    {
      "mode": "managed",
      "type": "aws_lb",
      "name": "example_lb",
      "provider": "provider[\"registry.terraform.io/hashicorp/aws\"]",
      "instances": [
        {
          "schema_version": 0,
          "attributes": {
            "access_logs": [
              {
                "bucket": "",
                "enabled": false,
                "prefix": ""
              }
            ],
            "arn": "arn:aws:elasticloadbalancing:us-east-1:156463586173:loadbalancer/app/example-lb/8b3c287a4caf23a6",
            "arn_suffix": "app/example-lb/8b3c287a4caf23a6",
            "customer_owned_ipv4_pool": "",
            "desync_mitigation_mode": "defensive",
            "dns_name": "example-lb-353547955.us-east-1.elb.amazonaws.com",
            "drop_invalid_header_fields": false,
            "enable_cross_zone_load_balancing": true,
            "enable_deletion_protection": false,
            "enable_http2": true,
            "enable_tls_version_and_cipher_suite_headers": false,
            "enable_waf_fail_open": false,
            "enable_xff_client_port": false,
            "id": "arn:aws:elasticloadbalancing:us-east-1:156463586173:loadbalancer/app/example-lb/8b3c287a4caf23a6",
            "idle_timeout": 60,
            "internal": false,
            "ip_address_type": "ipv4",
            "load_balancer_type": "application",
            "name": "example-lb",
            "name_prefix": null,
            "preserve_host_header": false,
            "security_groups": [
              "sg-0ac098d0069685016"
            ],
            "subnet_mapping": [
              {
                "allocation_id": "",
                "ipv6_address": "",
                "outpost_id": "",
                "private_ipv4_address": "",
                "subnet_id": "subnet-05336f2e8848b41b9"
              },
              {
                "allocation_id": "",
                "ipv6_address": "",
                "outpost_id": "",
                "private_ipv4_address": "",
                "subnet_id": "subnet-0a80b8eedf06913b5"
              }
            ],
            "subnets": [
              "subnet-05336f2e8848b41b9",
              "subnet-0a80b8eedf06913b5"
            ],
            "tags": {},
            "tags_all": {},
            "timeouts": null,
            "vpc_id": "vpc-01bf09c59003a851b",
            "xff_header_processing_mode": "append",
            "zone_id": "Z35SXDOTRQ7X7K"
          },
          "sensitive_attributes": [],
          "private": "eyJlMmJmYjczMC1lY2FhLTExZTYtOGY4OC0zNDM2M2JjN2M0YzAiOnsiY3JlYXRlIjo2MDAwMDAwMDAwMDAsImRlbGV0ZSI6NjAwMDAwMDAwMDAwLCJ1cGRhdGUiOjYwMDAwMDAwMDAwMH19",
          "dependencies": [
            "aws_security_group.alb_sg"
          ]
        }
      ]
    },
    {
      "mode": "managed",
      "type": "aws_lb_listener",
      "name": "example_listener",
      "provider": "provider[\"registry.terraform.io/hashicorp/aws\"]",
      "instances": [
        {
          "schema_version": 0,
          "attributes": {
            "alpn_policy": null,
            "arn": "arn:aws:elasticloadbalancing:us-east-1:156463586173:listener/app/example-lb/8b3c287a4caf23a6/5142877c5c74a7ed",
            "certificate_arn": null,
            "default_action": [
              {
                "authenticate_cognito": [],
                "authenticate_oidc": [],
                "fixed_response": [],
                "forward": [],
                "order": 1,
                "redirect": [],
                "target_group_arn": "arn:aws:elasticloadbalancing:us-east-1:156463586173:targetgroup/tg-20230403043035936500000002/f899927ab3f8b2f7",
                "type": "forward"
              }
            ],
            "id": "arn:aws:elasticloadbalancing:us-east-1:156463586173:listener/app/example-lb/8b3c287a4caf23a6/5142877c5c74a7ed",
            "load_balancer_arn": "arn:aws:elasticloadbalancing:us-east-1:156463586173:loadbalancer/app/example-lb/8b3c287a4caf23a6",
            "port": 80,
            "protocol": "HTTP",
            "ssl_policy": "",
            "tags": {},
            "tags_all": {},
            "timeouts": null
          },
          "sensitive_attributes": [],
          "private": "eyJlMmJmYjczMC1lY2FhLTExZTYtOGY4OC0zNDM2M2JjN2M0YzAiOnsicmVhZCI6NjAwMDAwMDAwMDAwfX0=",
          "dependencies": [
            "aws_lb.example_lb",
            "aws_lb_target_group.example_tg",
            "aws_security_group.alb_sg"
          ]
        }
      ]
    },
    {
      "mode": "managed",
      "type": "aws_lb_target_group",
      "name": "example_tg",
      "provider": "provider[\"registry.terraform.io/hashicorp/aws\"]",
      "instances": [
        {
          "schema_version": 0,
          "attributes": {
            "arn": "arn:aws:elasticloadbalancing:us-east-1:156463586173:targetgroup/tg-20230403043035936500000002/f899927ab3f8b2f7",
            "arn_suffix": "targetgroup/tg-20230403043035936500000002/f899927ab3f8b2f7",
            "connection_termination": false,
            "deregistration_delay": "300",
            "health_check": [
              {
                "enabled": true,
                "healthy_threshold": 3,
                "interval": 30,
                "matcher": "200",
                "path": "/",
                "port": "traffic-port",
                "protocol": "HTTP",
                "timeout": 5,
                "unhealthy_threshold": 3
              }
            ],
            "id": "arn:aws:elasticloadbalancing:us-east-1:156463586173:targetgroup/tg-20230403043035936500000002/f899927ab3f8b2f7",
            "ip_address_type": "ipv4",
            "lambda_multi_value_headers_enabled": false,
            "load_balancing_algorithm_type": "round_robin",
            "load_balancing_cross_zone_enabled": "use_load_balancer_configuration",
            "name": "tg-20230403043035936500000002",
            "name_prefix": "tg-",
            "port": 5000,
            "preserve_client_ip": null,
            "protocol": "HTTP",
            "protocol_version": "HTTP1",
            "proxy_protocol_v2": false,
            "slow_start": 0,
            "stickiness": [
              {
                "cookie_duration": 86400,
                "cookie_name": "",
                "enabled": false,
                "type": "lb_cookie"
              }
            ],
            "tags": {},
            "tags_all": {},
            "target_failover": [
              {
                "on_deregistration": null,
                "on_unhealthy": null
              }
            ],
            "target_type": "instance",
            "vpc_id": "vpc-01bf09c59003a851b"
          },
          "sensitive_attributes": [],
          "private": "bnVsbA=="
        }
      ]
    },
    {
      "mode": "managed",
      "type": "aws_security_group",
      "name": "alb_sg",
      "provider": "provider[\"registry.terraform.io/hashicorp/aws\"]",
      "instances": [
        {
          "schema_version": 1,
          "attributes": {
            "arn": "arn:aws:ec2:us-east-1:156463586173:security-group/sg-0ac098d0069685016",
            "description": "Managed by Terraform",
            "egress": [
              {
                "cidr_blocks": [
                  "0.0.0.0/0"
                ],
                "description": "",
                "from_port": 0,
                "ipv6_cidr_blocks": [],
                "prefix_list_ids": [],
                "protocol": "tcp",
                "security_groups": [],
                "self": false,
                "to_port": 65535
              }
            ],
            "id": "sg-0ac098d0069685016",
            "ingress": [
              {
                "cidr_blocks": [
                  "0.0.0.0/0"
                ],
                "description": "",
                "from_port": 80,
                "ipv6_cidr_blocks": [],
                "prefix_list_ids": [],
                "protocol": "tcp",
                "security_groups": [],
                "self": false,
                "to_port": 80
              }
            ],
            "name": "example-alb-sg-20230403043035938300000004",
            "name_prefix": "example-alb-sg-",
            "owner_id": "156463586173",
            "revoke_rules_on_delete": false,
            "tags": {},
            "tags_all": {},
            "timeouts": null,
            "vpc_id": "vpc-01bf09c59003a851b"
          },
          "sensitive_attributes": [],
          "private": "eyJlMmJmYjczMC1lY2FhLTExZTYtOGY4OC0zNDM2M2JjN2M0YzAiOnsiY3JlYXRlIjo2MDAwMDAwMDAwMDAsImRlbGV0ZSI6OTAwMDAwMDAwMDAwfSwic2NoZW1hX3ZlcnNpb24iOiIxIn0="
        }
      ]
    },
    {
      "mode": "managed",
      "type": "aws_security_group",
      "name": "db_sg",
      "provider": "provider[\"registry.terraform.io/hashicorp/aws\"]",
      "instances": [
        {
          "schema_version": 1,
          "attributes": {
            "arn": "arn:aws:ec2:us-east-1:156463586173:security-group/sg-0b5bb500e7d1779c4",
            "description": "Managed by Terraform",
            "egress": [],
            "id": "sg-0b5bb500e7d1779c4",
            "ingress": [
              {
                "cidr_blocks": [
                  "0.0.0.0/0"
                ],
                "description": "",
                "from_port": 3306,
                "ipv6_cidr_blocks": [],
                "prefix_list_ids": [],
                "protocol": "tcp",
                "security_groups": [],
                "self": false,
                "to_port": 3306
              }
            ],
            "name": "example-db-sg-20230403043035931600000001",
            "name_prefix": "example-db-sg-",
            "owner_id": "156463586173",
            "revoke_rules_on_delete": false,
            "tags": {},
            "tags_all": {},
            "timeouts": null,
            "vpc_id": "vpc-01bf09c59003a851b"
          },
          "sensitive_attributes": [],
          "private": "eyJlMmJmYjczMC1lY2FhLTExZTYtOGY4OC0zNDM2M2JjN2M0YzAiOnsiY3JlYXRlIjo2MDAwMDAwMDAwMDAsImRlbGV0ZSI6OTAwMDAwMDAwMDAwfSwic2NoZW1hX3ZlcnNpb24iOiIxIn0="
        }
      ]
    },
    {
      "mode": "managed",
      "type": "aws_security_group",
      "name": "ec2_sg",
      "provider": "provider[\"registry.terraform.io/hashicorp/aws\"]",
      "instances": [
        {
          "schema_version": 1,
          "attributes": {
            "arn": "arn:aws:ec2:us-east-1:156463586173:security-group/sg-0f4027b2331bd5c64",
            "description": "Managed by Terraform",
            "egress": [
              {
                "cidr_blocks": [
                  "0.0.0.0/0"
                ],
                "description": "",
                "from_port": 0,
                "ipv6_cidr_blocks": [],
                "prefix_list_ids": [],
                "protocol": "tcp",
                "security_groups": [],
                "self": false,
                "to_port": 65535
              }
            ],
            "id": "sg-0f4027b2331bd5c64",
            "ingress": [
              {
                "cidr_blocks": [
                  "0.0.0.0/0"
                ],
                "description": null,
                "from_port": 5000,
                "ipv6_cidr_blocks": [],
                "prefix_list_ids": [],
                "protocol": "tcp",
                "security_groups": [],
                "self": false,
                "to_port": 5000
              }
            ],
            "name": "example-ec2-sg-20230403043035937200000003",
            "name_prefix": "example-ec2-sg-",
            "owner_id": "156463586173",
            "revoke_rules_on_delete": false,
            "tags": {},
            "tags_all": {},
            "timeouts": null,
            "vpc_id": "vpc-01bf09c59003a851b"
          },
          "sensitive_attributes": [],
          "private": "eyJlMmJmYjczMC1lY2FhLTExZTYtOGY4OC0zNDM2M2JjN2M0YzAiOnsiY3JlYXRlIjo2MDAwMDAwMDAwMDAsImRlbGV0ZSI6OTAwMDAwMDAwMDAwfSwic2NoZW1hX3ZlcnNpb24iOiIxIn0=",
          "create_before_destroy": true
        }
      ]
    },
    {
      "mode": "managed",
      "type": "aws_ssm_parameter",
      "name": "db_endpoint",
      "provider": "provider[\"registry.terraform.io/hashicorp/aws\"]",
      "instances": [
        {
          "schema_version": 0,
          "attributes": {
            "allowed_pattern": "",
            "arn": "arn:aws:ssm:us-east-1:156463586173:parameter/host",
            "data_type": "text",
            "description": "",
            "id": "host",
            "insecure_value": null,
            "key_id": "",
            "name": "host",
            "overwrite": true,
            "tags": {},
            "tags_all": {},
            "tier": "Standard",
            "type": "String",
            "value": "example-db-instance.ctkwskblqywy.us-east-1.rds.amazonaws.com",
            "version": 1
          },
          "sensitive_attributes": [],
          "private": "bnVsbA==",
          "dependencies": [
            "aws_db_instance.example",
            "aws_db_subnet_group.example",
            "aws_security_group.db_sg",
            "data.aws_db_snapshot.example",
            "data.aws_ssm_parameter.db_name",
            "data.aws_ssm_parameter.db_password",
            "data.aws_ssm_parameter.db_username"
          ]
        }
      ]
    },
    {
      "mode": "managed",
      "type": "aws_ssm_parameter",
      "name": "port",
      "provider": "provider[\"registry.terraform.io/hashicorp/aws\"]",
      "instances": [
        {
          "schema_version": 0,
          "attributes": {
            "allowed_pattern": "",
            "arn": "arn:aws:ssm:us-east-1:156463586173:parameter/port",
            "data_type": "text",
            "description": "",
            "id": "port",
            "insecure_value": null,
            "key_id": "",
            "name": "port",
            "overwrite": true,
            "tags": {},
            "tags_all": {},
            "tier": "Standard",
            "type": "String",
            "value": "3306",
            "version": 1
          },
          "sensitive_attributes": [],
          "private": "bnVsbA=="
        }
      ]
    },
    {
      "mode": "managed",
      "type": "local_file",
      "name": "ssh_key",
      "provider": "provider[\"registry.terraform.io/hashicorp/local\"]",
      "instances": [
        {
          "schema_version": 0,
          "attributes": {
            "content": "-----BEGIN RSA PRIVATE KEY-----\nMIIJJwIBAAKCAgEA1EpxxfdvgCRcUM//NcbIQVRY8ji7bmmYZc69bjCj16vfdqe1\n6dmN4xiDVZqfyLTpLziNbiUonS2SVhDEfq60f70ivoCUibz8ni8Pec+O7tN7yuHi\nyw2a6iUc9VxaDlsRTr89556BpsPQ8gGO3KjlfmK/GLUGSxFCncHvGSRP0YuVJhGk\n9dg2Kv2S5MRuQUlINc3HOZEfjcOSnBNIeL0TkEAR28lyXH5dV8XgncVSjPuBisfO\nRfNpYkog/HhWrYmzCrgPILvMnt4f+LrGlppKj71DwirqB4Wyv16flCY2F8uEhwpK\nWG+QrDHxxdcyA9AhvHlpD+se3tyn+f25M/Hp8YfUArIZNlkbDNmmRU5BH5apFTbn\nsvU+ye4icQJ8SkUNsWw9WES4wA8mrXFIvzZjdeE+8GRRn6PctBpxZd8aqYLaa5zQ\nPjrLbDq89mgz22oLcFV/fzLec7CYwgmVA0qzq08egRBe2HYLDbqAR2dfbjGS0iwu\nTGfCXXsvJJWm4bzdk2SMTIUtAdfAYdJ5sI8XbIchxkXNNafUI0j9IysY+VONR4cV\nWqtubCbinzcg1WXKx9YW7G2xfvVd+o9f0Y2+uWjy5RXUax8Xpxg1tIBv0wIWG4va\nAD7wTpdM53BssK5g6eHDMaT4AgQl3fSQ6ejck3pUYwftNmR30lRoUgI/IqECAwEA\nAQKCAgB83DRCrZ/FDJ3HYi7G4F3UHtoZzUhgTnc2GfzMnIshRJOwZD/YhP6w/S/x\n33nvQIiOH4L/r5dNqwoQ2NfZcsPzBbkztsimoqMqHp/Jk0yMJ5L95xHPP/dHlACO\nR30oSGPLnyu32UCEZ1Ozozr1idlBFq8yxvYmnMZDp1cLwJG5u5FDzMjrV/m0G2SU\nbPw0Jff0vU1aDIM0jDzk02qiqQKiqyxVywwaXrBj+Zx87xv4k8zDZXVrKxlmmBcC\np3zDoOPPgCZVqF9XaWoAj0pSNfl4xWbfAwKW3goeCHdvWXIjWK5gBqtnjGbZAJ8l\nL8bY+0d8ZSRoGnATwFCD9rlBVh2zwT5d7rfZT9+I+ZJgqcYFZbLUXUAUmi+Kvz5P\nTZf8z7JhF0kmwMPRjuqFeWYhpeNgVlf47yhSaIa8+266dAdzovOqSKMewU2cGi2g\nuBfEUjlUCWsr1UOwXIQi0uN+iIAa2HuggfTGr5GSH8JaHBwgw1wybtOscg9FB6Hs\nNU4g0ATT8SygHstDFgTH577CS3zpvPEz16CN7CH8OgdBm2PiDp1bh4DltlZF5vT8\nubZW2IFGZepbYpNjRAuikkl/Oys6DDpzeA2UBNU1jktnOiSMGvMgsCZRuyGuMkI/\np4xDSgDpVTogouVOAfZuZG9r560XHlOfQuHgku0D6n4pJZ2PYQKCAQEA4VHti4ff\nF79jVFSebZ1OX5dB9tLJzr29h9nAUN8tQJbnn3T7kDaG5d80V2b01QPV6TbGgQ93\neOZ/YDRcFpRAKZphrVpaOwswbIrTTeW8oTz/ViPWA+lsMGF8o5OnpuziHBC1R78p\n7hymoz8Rh7FCuahBUpbcgpNR9yEALRp1NeiFzgWsg1Jy1Onocj2ymOedcYR2HxFL\naRnkwME3alr4Pt0McCh+auHiXnGgz/uvZw7J3/gyVr7Uuxu61mxZaO1mTqxVaYZj\nxoAy3SsPQzoLH17oRMsjFVD0TLo3AAcgIAeBxknuOc9jK8A9sy8FBpe8K57iFDeb\n0a+vEVkVlD0n9QKCAQEA8TJZ7AS6hQ4VtyJFPAIJshEv7JHPaBEzZ+/xqShC9/T7\ntKw3LoH4AQuDArgnu2JtEig7sUey3/Ir1xPPHwzPNkSPX2mD2ubj/nsRMwjY+Et7\n9tKME+4EuS7C3HxtX1NqZV25vC64ZdiHJZIJjyUcm7vTLXjPzI8tyvdIlSnPuO38\no5sPB2xg26eBrJfKFy/CzHx8at9RFuSWaUnbZb6y13VcQEWYSfrZvMlTolpXqtAH\nov21328PSYBhxFIZcjNN0ddOZdvm8k4/8H3xkLUbvlNlQJv0dt207wm+affoysjo\nO4rB++AhTQRu5AFdkHrbZwZit4fVtASmExTYA1QgfQKCAQAUMRRZia6LYUJUf1TH\nO+6XEGX/6XneRhCjCPd8B9P1UtCk8IXOsaQ7G1qEbpyILlTQFnGJhUpOklFd3LNX\n7qclU0lnkI4/dkw7neE7vNe/l0jGfmWiahug5kuWGRhQFDBbFYA5Ur8+MGEahf9b\nKp5xJsvby9ss9GjG/bUXVaSlVRYQlV+VUSErRV7oRfEoVLE+SAGR3Snl3EUspOQD\nau2OLJ79uhNCHsX7crFXkhVw5dlfcc2JCobj0aNXrdQBXCzr5fOthjaQxlJIkaBH\nhP8UK5wi9hVJxrxt184v+XN+i02s6Fkp4xTfCdY9pXwM0DIzsoRODYGwM887fcE6\nTJS1AoIBAEPHw49Y8NWNVLrnLY+kfvcEb3RKsX9sPgb6Xe4Me21U8hsevk8ahQg+\nJO3xtHCrQz10AvpZzMG0O2+wiGcQYXa9o5DLhRtSAUY1bWrrFJYKGGcPWgALxlYH\n9wihCtdcCK09voFMm9M7GxeKx5brdfOpv7mqlrLElbjQ7xvD6TTt5C5R19JdOYbg\ntsc6zLbhXBu86/XYleAaEs65y6b3BSkZOPhy1k4L6X5tEUyxmKtO1KaQJ7kHa8Nb\nCZ5y9+Wo1zieCdEEEA2NwdgifG0PCCHfK7gRW4y/1yXJljIPUeMSvHhnEQZoQNN0\n6Hi4jYOZkuiL2df7mymAmO8Jz353+L0CggEAYoYzs2wYIrCLEYHKapSmFszFRJi2\n/7UOxZmmNAde30EyumUl3DeE0B/fE1dYg0eqwQSqg0ztzIvIKcFzjisA2rthjwUQ\nfiBoiRoKml1dWsT4Bwk0HbPvT0O8Cfz5qA2slSUFnornNqsLyFlmoUIfj6w/H819\nCjnXX+KQvJx5cCeTQOWZaScN6ywsS0K5YhMOBMmIDQPK/dHZee5ue9suOWnaFavS\nJCZboFPNwgDYvc8NIWFdgCH6oJVWQnNIza7y49qqtDY/dKxeX0QCWTJu0Uhh7SxD\nk/O+1xIHqFfJfnImBOvgqk9Zqp+vG0BBgk4cBISWnb6a6csbqaRnhesasg==\n-----END RSA PRIVATE KEY-----\n",
            "content_base64": null,
            "content_base64sha256": "h4nDVczdCwRba7FHGKCMj+dbcYAOSuDyM9VMTt4EqD0=",
            "content_base64sha512": "IlyWAm0KpNhofHK4s68F6YyNsMt33ijD8cNOFurnLes8ZD0oXZkvTXK+lUK9Yp6/KiJImcGN29/WfxQseY68Sg==",
            "content_md5": "5ecb7de90a8d01ff44cbf3d25f3ada0c",
            "content_sha1": "ef332eddb23e70699e910d92a10bbcfd4fe350d7",
            "content_sha256": "8789c355ccdd0b045b6bb14718a08c8fe75b71800e4ae0f233d54c4ede04a83d",
            "content_sha512": "225c96026d0aa4d8687c72b8b3af05e98c8db0cb77de28c3f1c34e16eae72deb3c643d285d992f4d72be9542bd629ebf2a224899c18ddbdfd67f142c798ebc4a",
            "directory_permission": "0777",
            "file_permission": "0777",
            "filename": "ontario-key-pair.pem",
            "id": "ef332eddb23e70699e910d92a10bbcfd4fe350d7",
            "sensitive_content": null,
            "source": null
          },
          "sensitive_attributes": [],
          "dependencies": [
            "aws_key_pair.key_pair",
            "tls_private_key.key_pair"
          ]
        }
      ]
    },
    {
      "mode": "managed",
      "type": "tls_private_key",
      "name": "key_pair",
      "provider": "provider[\"registry.terraform.io/hashicorp/tls\"]",
      "instances": [
        {
          "schema_version": 1,
          "attributes": {
            "algorithm": "RSA",
            "ecdsa_curve": "P224",
            "id": "ae08d5bb0ddc4540f66c9ba08b8032cb4ce6a62d",
            "private_key_openssh": "-----BEGIN OPENSSH PRIVATE KEY-----\nb3BlbnNzaC1rZXktdjEAAAAABG5vbmUAAAAEbm9uZQAAAAAAAAABAAACFwAAAAdz\nc2gtcnNhAAAAAwEAAQAAAgEA1EpxxfdvgCRcUM//NcbIQVRY8ji7bmmYZc69bjCj\n16vfdqe16dmN4xiDVZqfyLTpLziNbiUonS2SVhDEfq60f70ivoCUibz8ni8Pec+O\n7tN7yuHiyw2a6iUc9VxaDlsRTr89556BpsPQ8gGO3KjlfmK/GLUGSxFCncHvGSRP\n0YuVJhGk9dg2Kv2S5MRuQUlINc3HOZEfjcOSnBNIeL0TkEAR28lyXH5dV8XgncVS\njPuBisfORfNpYkog/HhWrYmzCrgPILvMnt4f+LrGlppKj71DwirqB4Wyv16flCY2\nF8uEhwpKWG+QrDHxxdcyA9AhvHlpD+se3tyn+f25M/Hp8YfUArIZNlkbDNmmRU5B\nH5apFTbnsvU+ye4icQJ8SkUNsWw9WES4wA8mrXFIvzZjdeE+8GRRn6PctBpxZd8a\nqYLaa5zQPjrLbDq89mgz22oLcFV/fzLec7CYwgmVA0qzq08egRBe2HYLDbqAR2df\nbjGS0iwuTGfCXXsvJJWm4bzdk2SMTIUtAdfAYdJ5sI8XbIchxkXNNafUI0j9IysY\n+VONR4cVWqtubCbinzcg1WXKx9YW7G2xfvVd+o9f0Y2+uWjy5RXUax8Xpxg1tIBv\n0wIWG4vaAD7wTpdM53BssK5g6eHDMaT4AgQl3fSQ6ejck3pUYwftNmR30lRoUgI/\nIqEAAAc4yM5oK8jOaCsAAAAHc3NoLXJzYQAAAgEA1EpxxfdvgCRcUM//NcbIQVRY\n8ji7bmmYZc69bjCj16vfdqe16dmN4xiDVZqfyLTpLziNbiUonS2SVhDEfq60f70i\nvoCUibz8ni8Pec+O7tN7yuHiyw2a6iUc9VxaDlsRTr89556BpsPQ8gGO3KjlfmK/\nGLUGSxFCncHvGSRP0YuVJhGk9dg2Kv2S5MRuQUlINc3HOZEfjcOSnBNIeL0TkEAR\n28lyXH5dV8XgncVSjPuBisfORfNpYkog/HhWrYmzCrgPILvMnt4f+LrGlppKj71D\nwirqB4Wyv16flCY2F8uEhwpKWG+QrDHxxdcyA9AhvHlpD+se3tyn+f25M/Hp8YfU\nArIZNlkbDNmmRU5BH5apFTbnsvU+ye4icQJ8SkUNsWw9WES4wA8mrXFIvzZjdeE+\n8GRRn6PctBpxZd8aqYLaa5zQPjrLbDq89mgz22oLcFV/fzLec7CYwgmVA0qzq08e\ngRBe2HYLDbqAR2dfbjGS0iwuTGfCXXsvJJWm4bzdk2SMTIUtAdfAYdJ5sI8XbIch\nxkXNNafUI0j9IysY+VONR4cVWqtubCbinzcg1WXKx9YW7G2xfvVd+o9f0Y2+uWjy\n5RXUax8Xpxg1tIBv0wIWG4vaAD7wTpdM53BssK5g6eHDMaT4AgQl3fSQ6ejck3pU\nYwftNmR30lRoUgI/IqEAAAADAQABAAACAHzcNEKtn8UMncdiLsbgXdQe2hnNSGBO\ndzYZ/MyciyFEk7BkP9iE/rD9L/Hfee9AiI4fgv+vl02rChDY19lyw/MFuTO2yKai\noyoen8mTTIwnkv3nEc8/90eUAI5HfShIY8ufK7fZQIRnU7OjOvWJ2UEWrzLG9iac\nxkOnVwvAkbm7kUPMyOtX+bQbZJRs/DQl9/S9TVoMgzSMPOTTaqKpAqKrLFXLDBpe\nsGP5nHzvG/iTzMNldWsrGWaYFwKnfMOg48+AJlWoX1dpagCPSlI1+XjFZt8DApbe\nCh4Id29ZciNYrmAGq2eMZtkAnyUvxtj7R3xlJGgacBPAUIP2uUFWHbPBPl3ut9lP\n34j5kmCpxgVlstRdQBSaL4q/Pk9Nl/zPsmEXSSbAw9GO6oV5ZiGl42BWV/jvKFJo\nhrz7brp0B3Oi86pIox7BTZwaLaC4F8RSOVQJayvVQ7BchCLS436IgBrYe6CB9Mav\nkZIfwlocHCDDXDJu06xyD0UHoew1TiDQBNPxLKAey0MWBMfnvsJLfOm88TPXoI3s\nIfw6B0GbY+IOnVuHgOW2VkXm9Py5tlbYgUZl6ltik2NEC6KSSX87KzoMOnN4DZQE\n1TWOS2c6JIwa8yCwJlG7Ia4yQj+njENKAOlVOiCi5U4B9m5kb2vnrRceU59C4eCS\n7QPqfiklnY9hAAABAGKGM7NsGCKwixGBymqUphbMxUSYtv+1DsWZpjQHXt9BMrpl\nJdw3hNAf3xNXWINHqsEEqoNM7cyLyCnBc44rANq7YY8FEH4gaIkaCppdXVrE+AcJ\nNB2z709DvAn8+agNrJUlBZ6K5zarC8hZZqFCH4+sPx/NfQo511/ikLyceXAnk0Dl\nmWknDessLEtCuWITDgTJiA0Dyv3R2XnubnvbLjlp2hWr0iQmW6BTzcIA2L3PDSFh\nXYAh+qCVVkJzSM2u8uPaqrQ2P3SsXl9EAlkybtFIYe0sQ5PzvtcSB6hXyX5yJgTr\n4KpPWaqfrxtAQYJOHASElp2+munLG6mkZ4XrGrIAAAEBAOFR7YuH3xe/Y1RUnm2d\nTl+XQfbSyc69vYfZwFDfLUCW5590+5A2huXfNFdm9NUD1ek2xoEPd3jmf2A0XBaU\nQCmaYa1aWjsLMGyK003lvKE8/1Yj1gPpbDBhfKOTp6bs4hwQtUe/Ke4cpqM/EYex\nQrmoQVKW3IKTUfchAC0adTXohc4FrINSctTp6HI9spjnnXGEdh8RS2kZ5MDBN2pa\n+D7dDHAofmrh4l5xoM/7r2cOyd/4Mla+1LsbutZsWWjtZk6sVWmGY8aAMt0rD0M6\nCx9e6ETLIxVQ9Ey6NwAHICAHgcZJ7jnPYyvAPbMvBQaXvCue4hQ3m9GvrxFZFZQ9\nJ/UAAAEBAPEyWewEuoUOFbciRTwCCbIRL+yRz2gRM2fv8akoQvf0+7SsNy6B+AEL\ngwK4J7tibRIoO7FHst/yK9cTzx8MzzZEj19pg9rm4/57ETMI2PhLe/bSjBPuBLku\nwtx8bV9TamVdubwuuGXYhyWSCY8lHJu70y14z8yPLcr3SJUpz7jt/KObDwdsYNun\ngayXyhcvwsx8fGrfURbklmlJ22W+std1XEBFmEn62bzJU6JaV6rQB6L9td9vD0mA\nYcRSGXIzTdHXTmXb5vJOP/B98ZC1G75TZUCb9HbdtO8Jvmn36MrI6DuKwfvgIU0E\nbuQBXZB622cGYreH1bQEphMU2ANUIH0AAAAAAQID\n-----END OPENSSH PRIVATE KEY-----\n",
            "private_key_pem": "-----BEGIN RSA PRIVATE KEY-----\nMIIJJwIBAAKCAgEA1EpxxfdvgCRcUM//NcbIQVRY8ji7bmmYZc69bjCj16vfdqe1\n6dmN4xiDVZqfyLTpLziNbiUonS2SVhDEfq60f70ivoCUibz8ni8Pec+O7tN7yuHi\nyw2a6iUc9VxaDlsRTr89556BpsPQ8gGO3KjlfmK/GLUGSxFCncHvGSRP0YuVJhGk\n9dg2Kv2S5MRuQUlINc3HOZEfjcOSnBNIeL0TkEAR28lyXH5dV8XgncVSjPuBisfO\nRfNpYkog/HhWrYmzCrgPILvMnt4f+LrGlppKj71DwirqB4Wyv16flCY2F8uEhwpK\nWG+QrDHxxdcyA9AhvHlpD+se3tyn+f25M/Hp8YfUArIZNlkbDNmmRU5BH5apFTbn\nsvU+ye4icQJ8SkUNsWw9WES4wA8mrXFIvzZjdeE+8GRRn6PctBpxZd8aqYLaa5zQ\nPjrLbDq89mgz22oLcFV/fzLec7CYwgmVA0qzq08egRBe2HYLDbqAR2dfbjGS0iwu\nTGfCXXsvJJWm4bzdk2SMTIUtAdfAYdJ5sI8XbIchxkXNNafUI0j9IysY+VONR4cV\nWqtubCbinzcg1WXKx9YW7G2xfvVd+o9f0Y2+uWjy5RXUax8Xpxg1tIBv0wIWG4va\nAD7wTpdM53BssK5g6eHDMaT4AgQl3fSQ6ejck3pUYwftNmR30lRoUgI/IqECAwEA\nAQKCAgB83DRCrZ/FDJ3HYi7G4F3UHtoZzUhgTnc2GfzMnIshRJOwZD/YhP6w/S/x\n33nvQIiOH4L/r5dNqwoQ2NfZcsPzBbkztsimoqMqHp/Jk0yMJ5L95xHPP/dHlACO\nR30oSGPLnyu32UCEZ1Ozozr1idlBFq8yxvYmnMZDp1cLwJG5u5FDzMjrV/m0G2SU\nbPw0Jff0vU1aDIM0jDzk02qiqQKiqyxVywwaXrBj+Zx87xv4k8zDZXVrKxlmmBcC\np3zDoOPPgCZVqF9XaWoAj0pSNfl4xWbfAwKW3goeCHdvWXIjWK5gBqtnjGbZAJ8l\nL8bY+0d8ZSRoGnATwFCD9rlBVh2zwT5d7rfZT9+I+ZJgqcYFZbLUXUAUmi+Kvz5P\nTZf8z7JhF0kmwMPRjuqFeWYhpeNgVlf47yhSaIa8+266dAdzovOqSKMewU2cGi2g\nuBfEUjlUCWsr1UOwXIQi0uN+iIAa2HuggfTGr5GSH8JaHBwgw1wybtOscg9FB6Hs\nNU4g0ATT8SygHstDFgTH577CS3zpvPEz16CN7CH8OgdBm2PiDp1bh4DltlZF5vT8\nubZW2IFGZepbYpNjRAuikkl/Oys6DDpzeA2UBNU1jktnOiSMGvMgsCZRuyGuMkI/\np4xDSgDpVTogouVOAfZuZG9r560XHlOfQuHgku0D6n4pJZ2PYQKCAQEA4VHti4ff\nF79jVFSebZ1OX5dB9tLJzr29h9nAUN8tQJbnn3T7kDaG5d80V2b01QPV6TbGgQ93\neOZ/YDRcFpRAKZphrVpaOwswbIrTTeW8oTz/ViPWA+lsMGF8o5OnpuziHBC1R78p\n7hymoz8Rh7FCuahBUpbcgpNR9yEALRp1NeiFzgWsg1Jy1Onocj2ymOedcYR2HxFL\naRnkwME3alr4Pt0McCh+auHiXnGgz/uvZw7J3/gyVr7Uuxu61mxZaO1mTqxVaYZj\nxoAy3SsPQzoLH17oRMsjFVD0TLo3AAcgIAeBxknuOc9jK8A9sy8FBpe8K57iFDeb\n0a+vEVkVlD0n9QKCAQEA8TJZ7AS6hQ4VtyJFPAIJshEv7JHPaBEzZ+/xqShC9/T7\ntKw3LoH4AQuDArgnu2JtEig7sUey3/Ir1xPPHwzPNkSPX2mD2ubj/nsRMwjY+Et7\n9tKME+4EuS7C3HxtX1NqZV25vC64ZdiHJZIJjyUcm7vTLXjPzI8tyvdIlSnPuO38\no5sPB2xg26eBrJfKFy/CzHx8at9RFuSWaUnbZb6y13VcQEWYSfrZvMlTolpXqtAH\nov21328PSYBhxFIZcjNN0ddOZdvm8k4/8H3xkLUbvlNlQJv0dt207wm+affoysjo\nO4rB++AhTQRu5AFdkHrbZwZit4fVtASmExTYA1QgfQKCAQAUMRRZia6LYUJUf1TH\nO+6XEGX/6XneRhCjCPd8B9P1UtCk8IXOsaQ7G1qEbpyILlTQFnGJhUpOklFd3LNX\n7qclU0lnkI4/dkw7neE7vNe/l0jGfmWiahug5kuWGRhQFDBbFYA5Ur8+MGEahf9b\nKp5xJsvby9ss9GjG/bUXVaSlVRYQlV+VUSErRV7oRfEoVLE+SAGR3Snl3EUspOQD\nau2OLJ79uhNCHsX7crFXkhVw5dlfcc2JCobj0aNXrdQBXCzr5fOthjaQxlJIkaBH\nhP8UK5wi9hVJxrxt184v+XN+i02s6Fkp4xTfCdY9pXwM0DIzsoRODYGwM887fcE6\nTJS1AoIBAEPHw49Y8NWNVLrnLY+kfvcEb3RKsX9sPgb6Xe4Me21U8hsevk8ahQg+\nJO3xtHCrQz10AvpZzMG0O2+wiGcQYXa9o5DLhRtSAUY1bWrrFJYKGGcPWgALxlYH\n9wihCtdcCK09voFMm9M7GxeKx5brdfOpv7mqlrLElbjQ7xvD6TTt5C5R19JdOYbg\ntsc6zLbhXBu86/XYleAaEs65y6b3BSkZOPhy1k4L6X5tEUyxmKtO1KaQJ7kHa8Nb\nCZ5y9+Wo1zieCdEEEA2NwdgifG0PCCHfK7gRW4y/1yXJljIPUeMSvHhnEQZoQNN0\n6Hi4jYOZkuiL2df7mymAmO8Jz353+L0CggEAYoYzs2wYIrCLEYHKapSmFszFRJi2\n/7UOxZmmNAde30EyumUl3DeE0B/fE1dYg0eqwQSqg0ztzIvIKcFzjisA2rthjwUQ\nfiBoiRoKml1dWsT4Bwk0HbPvT0O8Cfz5qA2slSUFnornNqsLyFlmoUIfj6w/H819\nCjnXX+KQvJx5cCeTQOWZaScN6ywsS0K5YhMOBMmIDQPK/dHZee5ue9suOWnaFavS\nJCZboFPNwgDYvc8NIWFdgCH6oJVWQnNIza7y49qqtDY/dKxeX0QCWTJu0Uhh7SxD\nk/O+1xIHqFfJfnImBOvgqk9Zqp+vG0BBgk4cBISWnb6a6csbqaRnhesasg==\n-----END RSA PRIVATE KEY-----\n",
            "private_key_pem_pkcs8": "-----BEGIN PRIVATE KEY-----\nMIIJQQIBADANBgkqhkiG9w0BAQEFAASCCSswggknAgEAAoICAQDUSnHF92+AJFxQ\nz/81xshBVFjyOLtuaZhlzr1uMKPXq992p7Xp2Y3jGINVmp/ItOkvOI1uJSidLZJW\nEMR+rrR/vSK+gJSJvPyeLw95z47u03vK4eLLDZrqJRz1XFoOWxFOvz3nnoGmw9Dy\nAY7cqOV+Yr8YtQZLEUKdwe8ZJE/Ri5UmEaT12DYq/ZLkxG5BSUg1zcc5kR+Nw5Kc\nE0h4vROQQBHbyXJcfl1XxeCdxVKM+4GKx85F82liSiD8eFatibMKuA8gu8ye3h/4\nusaWmkqPvUPCKuoHhbK/Xp+UJjYXy4SHCkpYb5CsMfHF1zID0CG8eWkP6x7e3Kf5\n/bkz8enxh9QCshk2WRsM2aZFTkEflqkVNuey9T7J7iJxAnxKRQ2xbD1YRLjADyat\ncUi/NmN14T7wZFGfo9y0GnFl3xqpgtprnNA+OstsOrz2aDPbagtwVX9/Mt5zsJjC\nCZUDSrOrTx6BEF7YdgsNuoBHZ19uMZLSLC5MZ8Jdey8klabhvN2TZIxMhS0B18Bh\n0nmwjxdshyHGRc01p9QjSP0jKxj5U41HhxVaq25sJuKfNyDVZcrH1hbsbbF+9V36\nj1/Rjb65aPLlFdRrHxenGDW0gG/TAhYbi9oAPvBOl0zncGywrmDp4cMxpPgCBCXd\n9JDp6NyTelRjB+02ZHfSVGhSAj8ioQIDAQABAoICAHzcNEKtn8UMncdiLsbgXdQe\n2hnNSGBOdzYZ/MyciyFEk7BkP9iE/rD9L/Hfee9AiI4fgv+vl02rChDY19lyw/MF\nuTO2yKaioyoen8mTTIwnkv3nEc8/90eUAI5HfShIY8ufK7fZQIRnU7OjOvWJ2UEW\nrzLG9iacxkOnVwvAkbm7kUPMyOtX+bQbZJRs/DQl9/S9TVoMgzSMPOTTaqKpAqKr\nLFXLDBpesGP5nHzvG/iTzMNldWsrGWaYFwKnfMOg48+AJlWoX1dpagCPSlI1+XjF\nZt8DApbeCh4Id29ZciNYrmAGq2eMZtkAnyUvxtj7R3xlJGgacBPAUIP2uUFWHbPB\nPl3ut9lP34j5kmCpxgVlstRdQBSaL4q/Pk9Nl/zPsmEXSSbAw9GO6oV5ZiGl42BW\nV/jvKFJohrz7brp0B3Oi86pIox7BTZwaLaC4F8RSOVQJayvVQ7BchCLS436IgBrY\ne6CB9MavkZIfwlocHCDDXDJu06xyD0UHoew1TiDQBNPxLKAey0MWBMfnvsJLfOm8\n8TPXoI3sIfw6B0GbY+IOnVuHgOW2VkXm9Py5tlbYgUZl6ltik2NEC6KSSX87KzoM\nOnN4DZQE1TWOS2c6JIwa8yCwJlG7Ia4yQj+njENKAOlVOiCi5U4B9m5kb2vnrRce\nU59C4eCS7QPqfiklnY9hAoIBAQDhUe2Lh98Xv2NUVJ5tnU5fl0H20snOvb2H2cBQ\n3y1AluefdPuQNobl3zRXZvTVA9XpNsaBD3d45n9gNFwWlEApmmGtWlo7CzBsitNN\n5byhPP9WI9YD6WwwYXyjk6em7OIcELVHvynuHKajPxGHsUK5qEFSltyCk1H3IQAt\nGnU16IXOBayDUnLU6ehyPbKY551xhHYfEUtpGeTAwTdqWvg+3QxwKH5q4eJecaDP\n+69nDsnf+DJWvtS7G7rWbFlo7WZOrFVphmPGgDLdKw9DOgsfXuhEyyMVUPRMujcA\nByAgB4HGSe45z2MrwD2zLwUGl7wrnuIUN5vRr68RWRWUPSf1AoIBAQDxMlnsBLqF\nDhW3IkU8AgmyES/skc9oETNn7/GpKEL39Pu0rDcugfgBC4MCuCe7Ym0SKDuxR7Lf\n8ivXE88fDM82RI9faYPa5uP+exEzCNj4S3v20owT7gS5LsLcfG1fU2plXbm8Lrhl\n2IclkgmPJRybu9MteM/Mjy3K90iVKc+47fyjmw8HbGDbp4Gsl8oXL8LMfHxq31EW\n5JZpSdtlvrLXdVxARZhJ+tm8yVOiWleq0Aei/bXfbw9JgGHEUhlyM03R105l2+by\nTj/wffGQtRu+U2VAm/R23bTvCb5p9+jKyOg7isH74CFNBG7kAV2QettnBmK3h9W0\nBKYTFNgDVCB9AoIBABQxFFmJrothQlR/VMc77pcQZf/ped5GEKMI93wH0/VS0KTw\nhc6xpDsbWoRunIguVNAWcYmFSk6SUV3cs1fupyVTSWeQjj92TDud4Tu817+XSMZ+\nZaJqG6DmS5YZGFAUMFsVgDlSvz4wYRqF/1sqnnEmy9vL2yz0aMb9tRdVpKVVFhCV\nX5VRIStFXuhF8ShUsT5IAZHdKeXcRSyk5ANq7Y4snv26E0IexftysVeSFXDl2V9x\nzYkKhuPRo1et1AFcLOvl862GNpDGUkiRoEeE/xQrnCL2FUnGvG3Xzi/5c36LTazo\nWSnjFN8J1j2lfAzQMjOyhE4NgbAzzzt9wTpMlLUCggEAQ8fDj1jw1Y1Uuuctj6R+\n9wRvdEqxf2w+Bvpd7gx7bVTyGx6+TxqFCD4k7fG0cKtDPXQC+lnMwbQ7b7CIZxBh\ndr2jkMuFG1IBRjVtausUlgoYZw9aAAvGVgf3CKEK11wIrT2+gUyb0zsbF4rHlut1\n86m/uaqWssSVuNDvG8PpNO3kLlHX0l05huC2xzrMtuFcG7zr9diV4BoSzrnLpvcF\nKRk4+HLWTgvpfm0RTLGYq07UppAnuQdrw1sJnnL35ajXOJ4J0QQQDY3B2CJ8bQ8I\nId8ruBFbjL/XJcmWMg9R4xK8eGcRBmhA03ToeLiNg5mS6IvZ1/ubKYCY7wnPfnf4\nvQKCAQBihjOzbBgisIsRgcpqlKYWzMVEmLb/tQ7FmaY0B17fQTK6ZSXcN4TQH98T\nV1iDR6rBBKqDTO3Mi8gpwXOOKwDau2GPBRB+IGiJGgqaXV1axPgHCTQds+9PQ7wJ\n/PmoDayVJQWeiuc2qwvIWWahQh+PrD8fzX0KOddf4pC8nHlwJ5NA5ZlpJw3rLCxL\nQrliEw4EyYgNA8r90dl57m572y45adoVq9IkJlugU83CANi9zw0hYV2AIfqglVZC\nc0jNrvLj2qq0Nj90rF5fRAJZMm7RSGHtLEOT877XEgeoV8l+ciYE6+CqT1mqn68b\nQEGCThwEhJadvprpyxuppGeF6xqy\n-----END PRIVATE KEY-----\n",
            "public_key_fingerprint_md5": "c6:ba:c3:b2:bb:f9:82:2d:3c:d4:90:76:b5:30:fe:2c",
            "public_key_fingerprint_sha256": "SHA256:g0nVNiT5+jbmVxBgqA2BUa80UgVMPkGuzfdU4SVWzao",
            "public_key_openssh": "ssh-rsa AAAAB3NzaC1yc2EAAAADAQABAAACAQDUSnHF92+AJFxQz/81xshBVFjyOLtuaZhlzr1uMKPXq992p7Xp2Y3jGINVmp/ItOkvOI1uJSidLZJWEMR+rrR/vSK+gJSJvPyeLw95z47u03vK4eLLDZrqJRz1XFoOWxFOvz3nnoGmw9DyAY7cqOV+Yr8YtQZLEUKdwe8ZJE/Ri5UmEaT12DYq/ZLkxG5BSUg1zcc5kR+Nw5KcE0h4vROQQBHbyXJcfl1XxeCdxVKM+4GKx85F82liSiD8eFatibMKuA8gu8ye3h/4usaWmkqPvUPCKuoHhbK/Xp+UJjYXy4SHCkpYb5CsMfHF1zID0CG8eWkP6x7e3Kf5/bkz8enxh9QCshk2WRsM2aZFTkEflqkVNuey9T7J7iJxAnxKRQ2xbD1YRLjADyatcUi/NmN14T7wZFGfo9y0GnFl3xqpgtprnNA+OstsOrz2aDPbagtwVX9/Mt5zsJjCCZUDSrOrTx6BEF7YdgsNuoBHZ19uMZLSLC5MZ8Jdey8klabhvN2TZIxMhS0B18Bh0nmwjxdshyHGRc01p9QjSP0jKxj5U41HhxVaq25sJuKfNyDVZcrH1hbsbbF+9V36j1/Rjb65aPLlFdRrHxenGDW0gG/TAhYbi9oAPvBOl0zncGywrmDp4cMxpPgCBCXd9JDp6NyTelRjB+02ZHfSVGhSAj8ioQ==\n",
            "public_key_pem": "-----BEGIN PUBLIC KEY-----\nMIICIjANBgkqhkiG9w0BAQEFAAOCAg8AMIICCgKCAgEA1EpxxfdvgCRcUM//NcbI\nQVRY8ji7bmmYZc69bjCj16vfdqe16dmN4xiDVZqfyLTpLziNbiUonS2SVhDEfq60\nf70ivoCUibz8ni8Pec+O7tN7yuHiyw2a6iUc9VxaDlsRTr89556BpsPQ8gGO3Kjl\nfmK/GLUGSxFCncHvGSRP0YuVJhGk9dg2Kv2S5MRuQUlINc3HOZEfjcOSnBNIeL0T\nkEAR28lyXH5dV8XgncVSjPuBisfORfNpYkog/HhWrYmzCrgPILvMnt4f+LrGlppK\nj71DwirqB4Wyv16flCY2F8uEhwpKWG+QrDHxxdcyA9AhvHlpD+se3tyn+f25M/Hp\n8YfUArIZNlkbDNmmRU5BH5apFTbnsvU+ye4icQJ8SkUNsWw9WES4wA8mrXFIvzZj\ndeE+8GRRn6PctBpxZd8aqYLaa5zQPjrLbDq89mgz22oLcFV/fzLec7CYwgmVA0qz\nq08egRBe2HYLDbqAR2dfbjGS0iwuTGfCXXsvJJWm4bzdk2SMTIUtAdfAYdJ5sI8X\nbIchxkXNNafUI0j9IysY+VONR4cVWqtubCbinzcg1WXKx9YW7G2xfvVd+o9f0Y2+\nuWjy5RXUax8Xpxg1tIBv0wIWG4vaAD7wTpdM53BssK5g6eHDMaT4AgQl3fSQ6ejc\nk3pUYwftNmR30lRoUgI/IqECAwEAAQ==\n-----END PUBLIC KEY-----\n",
            "rsa_bits": 4096
          },
          "sensitive_attributes": [],
          "create_before_destroy": true
        }
      ]
    }
  ]
}
